
Microsoft Visual Studio Solution File, Format Version 12.00
# Visual Studio Version 17
VisualStudioVersion = 17.13.35919.96 d17.13
MinimumVisualStudioVersion = 10.0.40219.1
Project("{FAE04EC0-301F-11D3-BF4B-00C04F79EFBC}") = "PracticaGYM_", "PracticaGYM_\PracticaGYM_.csproj", "{459BB80B-67D6-47E7-BE58-63B86C357B34}"
EndProject
Global
	GlobalSection(SolutionConfigurationPlatforms) = preSolution
		Debug|Any CPU = Debug|Any CPU
		Release|Any CPU = Release|Any CPU
	EndGlobalSection
	GlobalSection(ProjectConfigurationPlatforms) = postSolution
		{459BB80B-67D6-47E7-BE58-63B86C357B34}.Debug|Any CPU.ActiveCfg = Debug|Any CPU
		{459BB80B-67D6-47E7-BE58-63B86C357B34}.Debug|Any CPU.Build.0 = Debug|Any CPU
		{459BB80B-67D6-47E7-BE58-63B86C357B34}.Release|Any CPU.ActiveCfg = Release|Any CPU
		{459BB80B-67D6-47E7-BE58-63B86C357B34}.Release|Any CPU.Build.0 = Release|Any CPU
	EndGlobalSection
	GlobalSection(SolutionProperties) = preSolution
		HideSolutionNode = FALSE
	EndGlobalSection
	GlobalSection(ExtensibilityGlobals) = postSolution
		SolutionGuid = {88EE06DA-D41F-400F-A0F4-3EE992F0B694}
	EndGlobalSection
EndGlobal
